// !$*UTF8*$!
{
	archiveVersion = 1;
	classes = {
	};
	objectVersion = 46;
	objects = {

/* Begin PBXBuildFile section */
		DD062A9015999FA000FBB738 /* background@2x.png in Resources */ = {isa = PBXBuildFile; fileRef = DD062A8F15999FA000FBB738 /* background@2x.png */; };
		DD8C344A159721C000867246 /* UIKit.framework in Frameworks */ = {isa = PBXBuildFile; fileRef = DD8C3449159721C000867246 /* UIKit.framework */; };
		DD8C344C159721C000867246 /* Foundation.framework in Frameworks */ = {isa = PBXBuildFile; fileRef = DD8C344B159721C000867246 /* Foundation.framework */; };
		DD8C344E159721C000867246 /* CoreGraphics.framework in Frameworks */ = {isa = PBXBuildFile; fileRef = DD8C344D159721C000867246 /* CoreGraphics.framework */; };
		DD8C3454159721C000867246 /* InfoPlist.strings in Resources */ = {isa = PBXBuildFile; fileRef = DD8C3452159721C000867246 /* InfoPlist.strings */; };
		DD8C3456159721C000867246 /* main.m in Sources */ = {isa = PBXBuildFile; fileRef = DD8C3455159721C000867246 /* main.m */; };
		DD8C345A159721C000867246 /* KDAppDelegate.m in Sources */ = {isa = PBXBuildFile; fileRef = DD8C3459159721C000867246 /* KDAppDelegate.m */; };
		DD8C34671597223B00867246 /* KDViewController.m in Sources */ = {isa = PBXBuildFile; fileRef = DD8C34661597223B00867246 /* KDViewController.m */; };
		DD8C346A1597225500867246 /* KDFlipClock.m in Sources */ = {isa = PBXBuildFile; fileRef = DD8C34691597225500867246 /* KDFlipClock.m */; };
		DD8C346D1597240200867246 /* KDFlipClockSegment.m in Sources */ = {isa = PBXBuildFile; fileRef = DD8C346C1597240200867246 /* KDFlipClockSegment.m */; };
		DD8C346F1597250B00867246 /* clockSegment.png in Resources */ = {isa = PBXBuildFile; fileRef = DD8C346E1597250B00867246 /* clockSegment.png */; };
		DD8C34711597255000867246 /* QuartzCore.framework in Frameworks */ = {isa = PBXBuildFile; fileRef = DD8C34701597255000867246 /* QuartzCore.framework */; };
		DD8C347715979F6900867246 /* clockSegment@2x.png in Resources */ = {isa = PBXBuildFile; fileRef = DD8C347615979F6900867246 /* clockSegment@2x.png */; };
		DD8C347A1597A6A000867246 /* clockDivider.png in Resources */ = {isa = PBXBuildFile; fileRef = DD8C34781597A6A000867246 /* clockDivider.png */; };
		DD8C347B1597A6A000867246 /* clockDivider@2x.png in Resources */ = {isa = PBXBuildFile; fileRef = DD8C34791597A6A000867246 /* clockDivider@2x.png */; };
		DD8C34831598590800867246 /* clockShine.png in Resources */ = {isa = PBXBuildFile; fileRef = DD8C34801598590800867246 /* clockShine.png */; };
		DD8C34841598590800867246 /* clockShine@2x.png in Resources */ = {isa = PBXBuildFile; fileRef = DD8C34811598590800867246 /* clockShine@2x.png */; };
		DD8C34851598590800867246 /* clockWheel@2x.png in Resources */ = {isa = PBXBuildFile; fileRef = DD8C34821598590800867246 /* clockWheel@2x.png */; };
		DD8C348715985C7700867246 /* clockInset@2x.png in Resources */ = {isa = PBXBuildFile; fileRef = DD8C348615985C7700867246 /* clockInset@2x.png */; };
		DD9576921598605B00108D14 /* clockTextGradient@2x.png in Resources */ = {isa = PBXBuildFile; fileRef = DD9576911598605B00108D14 /* clockTextGradient@2x.png */; };
		DD9576951598616D00108D14 /* clockBase@2x.png in Resources */ = {isa = PBXBuildFile; fileRef = DD9576941598616D00108D14 /* clockBase@2x.png */; };
/* End PBXBuildFile section */

/* Begin PBXFileReference section */
		DD062A8F15999FA000FBB738 /* background@2x.png */ = {isa = PBXFileReference; lastKnownFileType = image.png; path = "background@2x.png"; sourceTree = "<group>"; };
		DD8C3445159721C000867246 /* FlipClock.app */ = {isa = PBXFileReference; explicitFileType = wrapper.application; includeInIndex = 0; path = FlipClock.app; sourceTree = BUILT_PRODUCTS_DIR; };
		DD8C3449159721C000867246 /* UIKit.framework */ = {isa = PBXFileReference; lastKnownFileType = wrapper.framework; name = UIKit.framework; path = System/Library/Frameworks/UIKit.framework; sourceTree = SDKROOT; };
		DD8C344B159721C000867246 /* Foundation.framework */ = {isa = PBXFileReference; lastKnownFileType = wrapper.framework; name = Foundation.framework; path = System/Library/Frameworks/Foundation.framework; sourceTree = SDKROOT; };
		DD8C344D159721C000867246 /* CoreGraphics.framework */ = {isa = PBXFileReference; lastKnownFileType = wrapper.framework; name = CoreGraphics.framework; path = System/Library/Frameworks/CoreGraphics.framework; sourceTree = SDKROOT; };
		DD8C3451159721C000867246 /* FlipClock-Info.plist */ = {isa = PBXFileReference; lastKnownFileType = text.plist.xml; path = "FlipClock-Info.plist"; sourceTree = "<group>"; };
		DD8C3453159721C000867246 /* en */ = {isa = PBXFileReference; lastKnownFileType = text.plist.strings; name = en; path = en.lproj/InfoPlist.strings; sourceTree = "<group>"; };
		DD8C3455159721C000867246 /* main.m */ = {isa = PBXFileReference; lastKnownFileType = sourcecode.c.objc; path = main.m; sourceTree = "<group>"; };
		DD8C3457159721C000867246 /* FlipClock-Prefix.pch */ = {isa = PBXFileReference; lastKnownFileType = sourcecode.c.h; path = "FlipClock-Prefix.pch"; sourceTree = "<group>"; };
		DD8C3458159721C000867246 /* KDAppDelegate.h */ = {isa = PBXFileReference; lastKnownFileType = sourcecode.c.h; path = KDAppDelegate.h; sourceTree = "<group>"; };
		DD8C3459159721C000867246 /* KDAppDelegate.m */ = {isa = PBXFileReference; lastKnownFileType = sourcecode.c.objc; path = KDAppDelegate.m; sourceTree = "<group>"; };
		DD8C34651597223B00867246 /* KDViewController.h */ = {isa = PBXFileReference; fileEncoding = 4; lastKnownFileType = sourcecode.c.h; path = KDViewController.h; sourceTree = "<group>"; };
		DD8C34661597223B00867246 /* KDViewController.m */ = {isa = PBXFileReference; fileEncoding = 4; lastKnownFileType = sourcecode.c.objc; path = KDViewController.m; sourceTree = "<group>"; };
		DD8C34681597225500867246 /* KDFlipClock.h */ = {isa = PBXFileReference; fileEncoding = 4; lastKnownFileType = sourcecode.c.h; path = KDFlipClock.h; sourceTree = "<group>"; };
		DD8C34691597225500867246 /* KDFlipClock.m */ = {isa = PBXFileReference; fileEncoding = 4; lastKnownFileType = sourcecode.c.objc; path = KDFlipClock.m; sourceTree = "<group>"; };
		DD8C346B1597240100867246 /* KDFlipClockSegment.h */ = {isa = PBXFileReference; fileEncoding = 4; lastKnownFileType = sourcecode.c.h; path = KDFlipClockSegment.h; sourceTree = "<group>"; };
		DD8C346C1597240200867246 /* KDFlipClockSegment.m */ = {isa = PBXFileReference; fileEncoding = 4; lastKnownFileType = sourcecode.c.objc; path = KDFlipClockSegment.m; sourceTree = "<group>"; };
		DD8C346E1597250B00867246 /* clockSegment.png */ = {isa = PBXFileReference; lastKnownFileType = image.png; path = clockSegment.png; sourceTree = "<group>"; };
		DD8C34701597255000867246 /* QuartzCore.framework */ = {isa = PBXFileReference; lastKnownFileType = wrapper.framework; name = QuartzCore.framework; path = System/Library/Frameworks/QuartzCore.framework; sourceTree = SDKROOT; };
		DD8C347615979F6900867246 /* clockSegment@2x.png */ = {isa = PBXFileReference; lastKnownFileType = image.png; path = "clockSegment@2x.png"; sourceTree = "<group>"; };
		DD8C34781597A6A000867246 /* clockDivider.png */ = {isa = PBXFileReference; lastKnownFileType = image.png; path = clockDivider.png; sourceTree = "<group>"; };
		DD8C34791597A6A000867246 /* clockDivider@2x.png */ = {isa = PBXFileReference; lastKnownFileType = image.png; path = "clockDivider@2x.png"; sourceTree = "<group>"; };
		DD8C34801598590800867246 /* clockShine.png */ = {isa = PBXFileReference; lastKnownFileType = image.png; path = clockShine.png; sourceTree = "<group>"; };
		DD8C34811598590800867246 /* clockShine@2x.png */ = {isa = PBXFileReference; lastKnownFileType = image.png; path = "clockShine@2x.png"; sourceTree = "<group>"; };
		DD8C34821598590800867246 /* clockWheel@2x.png */ = {isa = PBXFileReference; lastKnownFileType = image.png; path = "clockWheel@2x.png"; sourceTree = "<group>"; };
		DD8C348615985C7700867246 /* clockInset@2x.png */ = {isa = PBXFileReference; lastKnownFileType = image.png; path = "clockInset@2x.png"; sourceTree = "<group>"; };
		DD9576911598605B00108D14 /* clockTextGradient@2x.png */ = {isa = PBXFileReference; lastKnownFileType = image.png; path = "clockTextGradient@2x.png"; sourceTree = "<group>"; };
		DD9576941598616D00108D14 /* clockBase@2x.png */ = {isa = PBXFileReference; lastKnownFileType = image.png; path = "clockBase@2x.png"; sourceTree = "<group>"; };
/* End PBXFileReference section */

/* Begin PBXFrameworksBuildPhase section */
		DD8C3442159721C000867246 /* Frameworks */ = {
			isa = PBXFrameworksBuildPhase;
			buildActionMask = 2147483647;
			files = (
				DD8C34711597255000867246 /* QuartzCore.framework in Frameworks */,
				DD8C344A159721C000867246 /* UIKit.framework in Frameworks */,
				DD8C344C159721C000867246 /* Foundation.framework in Frameworks */,
				DD8C344E159721C000867246 /* CoreGraphics.framework in Frameworks */,
			);
			runOnlyForDeploymentPostprocessing = 0;
		};
/* End PBXFrameworksBuildPhase section */

/* Begin PBXGroup section */
		DD8C343A159721C000867246 = {
			isa = PBXGroup;
			children = (
				DD8C344F159721C000867246 /* FlipClock */,
				DD8C3448159721C000867246 /* Frameworks */,
				DD8C3446159721C000867246 /* Products */,
			);
			sourceTree = "<group>";
		};
		DD8C3446159721C000867246 /* Products */ = {
			isa = PBXGroup;
			children = (
				DD8C3445159721C000867246 /* FlipClock.app */,
			);
			name = Products;
			sourceTree = "<group>";
		};
		DD8C3448159721C000867246 /* Frameworks */ = {
			isa = PBXGroup;
			children = (
				DD8C34701597255000867246 /* QuartzCore.framework */,
				DD8C3449159721C000867246 /* UIKit.framework */,
				DD8C344B159721C000867246 /* Foundation.framework */,
				DD8C344D159721C000867246 /* CoreGraphics.framework */,
			);
			name = Frameworks;
			sourceTree = "<group>";
		};
		DD8C344F159721C000867246 /* FlipClock */ = {
			isa = PBXGroup;
			children = (
				DD8C34601597221300867246 /* Images */,
				DD8C3458159721C000867246 /* KDAppDelegate.h */,
				DD8C3459159721C000867246 /* KDAppDelegate.m */,
				DD8C34651597223B00867246 /* KDViewController.h */,
				DD8C34661597223B00867246 /* KDViewController.m */,
				DD8C34681597225500867246 /* KDFlipClock.h */,
				DD8C34691597225500867246 /* KDFlipClock.m */,
				DD8C346B1597240100867246 /* KDFlipClockSegment.h */,
				DD8C346C1597240200867246 /* KDFlipClockSegment.m */,
				DD8C3450159721C000867246 /* Supporting Files */,
			);
			path = FlipClock;
			sourceTree = "<group>";
		};
		DD8C3450159721C000867246 /* Supporting Files */ = {
			isa = PBXGroup;
			children = (
				DD8C3451159721C000867246 /* FlipClock-Info.plist */,
				DD8C3452159721C000867246 /* InfoPlist.strings */,
				DD8C3455159721C000867246 /* main.m */,
				DD8C3457159721C000867246 /* FlipClock-Prefix.pch */,
			);
			name = "Supporting Files";
			sourceTree = "<group>";
		};
		DD8C34601597221300867246 /* Images */ = {
			isa = PBXGroup;
			children = (
				DD062A8F15999FA000FBB738 /* background@2x.png */,
				DD9576941598616D00108D14 /* clockBase@2x.png */,
				DD9576911598605B00108D14 /* clockTextGradient@2x.png */,
				DD8C348615985C7700867246 /* clockInset@2x.png */,
				DD8C34801598590800867246 /* clockShine.png */,
				DD8C34811598590800867246 /* clockShine@2x.png */,
				DD8C34821598590800867246 /* clockWheel@2x.png */,
				DD8C34781597A6A000867246 /* clockDivider.png */,
				DD8C34791597A6A000867246 /* clockDivider@2x.png */,
				DD8C347615979F6900867246 /* clockSegment@2x.png */,
				DD8C346E1597250B00867246 /* clockSegment.png */,
			);
			path = Images;
			sourceTree = "<group>";
		};
/* End PBXGroup section */

/* Begin PBXNativeTarget section */
		DD8C3444159721C000867246 /* FlipClock */ = {
			isa = PBXNativeTarget;
			buildConfigurationList = DD8C345D159721C000867246 /* Build configuration list for PBXNativeTarget "FlipClock" */;
			buildPhases = (
				DD8C3441159721C000867246 /* Sources */,
				DD8C3442159721C000867246 /* Frameworks */,
				DD8C3443159721C000867246 /* Resources */,
			);
			buildRules = (
			);
			dependencies = (
			);
			name = FlipClock;
			productName = FlipClock;
			productReference = DD8C3445159721C000867246 /* FlipClock.app */;
			productType = "com.apple.product-type.application";
		};
/* End PBXNativeTarget section */

/* Begin PBXProject section */
		DD8C343C159721C000867246 /* Project object */ = {
			isa = PBXProject;
			attributes = {
				CLASSPREFIX = KD;
				LastUpgradeCheck = 0430;
				ORGANIZATIONNAME = "Solid Applications LLC";
			};
			buildConfigurationList = DD8C343F159721C000867246 /* Build configuration list for PBXProject "FlipClock" */;
			compatibilityVersion = "Xcode 3.2";
			developmentRegion = English;
			hasScannedForEncodings = 0;
			knownRegions = (
				en,
			);
			mainGroup = DD8C343A159721C000867246;
			productRefGroup = DD8C3446159721C000867246 /* Products */;
			projectDirPath = "";
			projectRoot = "";
			targets = (
				DD8C3444159721C000867246 /* FlipClock */,
			);
		};
/* End PBXProject section */

/* Begin PBXResourcesBuildPhase section */
		DD8C3443159721C000867246 /* Resources */ = {
			isa = PBXResourcesBuildPhase;
			buildActionMask = 2147483647;
			files = (
				DD8C3454159721C000867246 /* InfoPlist.strings in Resources */,
				DD8C346F1597250B00867246 /* clockSegment.png in Resources */,
				DD8C347715979F6900867246 /* clockSegment@2x.png in Resources */,
				DD8C347A1597A6A000867246 /* clockDivider.png in Resources */,
				DD8C347B1597A6A000867246 /* clockDivider@2x.png in Resources */,
				DD8C34831598590800867246 /* clockShine.png in Resources */,
				DD8C34841598590800867246 /* clockShine@2x.png in Resources */,
				DD8C34851598590800867246 /* clockWheel@2x.png in Resources */,
				DD8C348715985C7700867246 /* clockInset@2x.png in Resources */,
				DD9576921598605B00108D14 /* clockTextGradient@2x.png in Resources */,
				DD9576951598616D00108D14 /* clockBase@2x.png in Resources */,
				DD062A9015999FA000FBB738 /* background@2x.png in Resources */,
			);
			runOnlyForDeploymentPostprocessing = 0;
		};
/* End PBXResourcesBuildPhase section */

/* Begin PBXSourcesBuildPhase section */
		DD8C3441159721C000867246 /* Sources */ = {
			isa = PBXSourcesBuildPhase;
			buildActionMask = 2147483647;
			files = (
				DD8C3456159721C000867246 /* main.m in Sources */,
				DD8C345A159721C000867246 /* KDAppDelegate.m in Sources */,
				DD8C34671597223B00867246 /* KDViewController.m in Sources */,
				DD8C346A1597225500867246 /* KDFlipClock.m in Sources */,
				DD8C346D1597240200867246 /* KDFlipClockSegment.m in Sources */,
			);
			runOnlyForDeploymentPostprocessing = 0;
		};
/* End PBXSourcesBuildPhase section */

/* Begin PBXVariantGroup section */
		DD8C3452159721C000867246 /* InfoPlist.strings */ = {
			isa = PBXVariantGroup;
			children = (
				DD8C3453159721C000867246 /* en */,
			);
			name = InfoPlist.strings;
			sourceTree = "<group>";
		};
/* End PBXVariantGroup section */

/* Begin XCBuildConfiguration section */
		DD8C345B159721C000867246 /* Debug */ = {
			isa = XCBuildConfiguration;
			buildSettings = {
				ALWAYS_SEARCH_USER_PATHS = NO;
				ARCHS = "$(ARCHS_STANDARD_32_BIT)";
				CLANG_ENABLE_OBJC_ARC = YES;
				"CODE_SIGN_IDENTITY[sdk=iphoneos*]" = "iPhone Developer";
				COPY_PHASE_STRIP = NO;
				GCC_C_LANGUAGE_STANDARD = gnu99;
				GCC_DYNAMIC_NO_PIC = NO;
				GCC_OPTIMIZATION_LEVEL = 0;
				GCC_PREPROCESSOR_DEFINITIONS = (
					"DEBUG=1",
					"$(inherited)",
				);
				GCC_SYMBOLS_PRIVATE_EXTERN = NO;
				GCC_VERSION = com.apple.compilers.llvm.clang.1_0;
				GCC_WARN_ABOUT_RETURN_TYPE = YES;
				GCC_WARN_UNINITIALIZED_AUTOS = YES;
				GCC_WARN_UNUSED_VARIABLE = YES;
				IPHONEOS_DEPLOYMENT_TARGET = 5.1;
				SDKROOT = iphoneos;
			};
			name = Debug;
		};
		DD8C345C159721C000867246 /* Release */ = {
			isa = XCBuildConfiguration;
			buildSettings = {
				ALWAYS_SEARCH_USER_PATHS = NO;
				ARCHS = "$(ARCHS_STANDARD_32_BIT)";
				CLANG_ENABLE_OBJC_ARC = YES;
				"CODE_SIGN_IDENTITY[sdk=iphoneos*]" = "iPhone Developer";
				COPY_PHASE_STRIP = YES;
				GCC_C_LANGUAGE_STANDARD = gnu99;
				GCC_VERSION = com.apple.compilers.llvm.clang.1_0;
				GCC_WARN_ABOUT_RETURN_TYPE = YES;
				GCC_WARN_UNINITIALIZED_AUTOS = YES;
				GCC_WARN_UNUSED_VARIABLE = YES;
				IPHONEOS_DEPLOYMENT_TARGET = 5.1;
				OTHER_CFLAGS = "-DNS_BLOCK_ASSERTIONS=1";
				SDKROOT = iphoneos;
				VALIDATE_PRODUCT = YES;
			};
			name = Release;
		};
		DD8C345E159721C000867246 /* Debug */ = {
			isa = XCBuildConfiguration;
			buildSettings = {
				GCC_PRECOMPILE_PREFIX_HEADER = YES;
				GCC_PREFIX_HEADER = "FlipClock/FlipClock-Prefix.pch";
				INFOPLIST_FILE = "FlipClock/FlipClock-Info.plist";
				PRODUCT_NAME = "$(TARGET_NAME)";
				WRAPPER_EXTENSION = app;
			};
			name = Debug;
		};
		DD8C345F159721C000867246 /* Release */ = {
			isa = XCBuildConfiguration;
			buildSettings = {
				GCC_PRECOMPILE_PREFIX_HEADER = YES;
				GCC_PREFIX_HEADER = "FlipClock/FlipClock-Prefix.pch";
				INFOPLIST_FILE = "FlipClock/FlipClock-Info.plist";
				PRODUCT_NAME = "$(TARGET_NAME)";
				WRAPPER_EXTENSION = app;
			};
			name = Release;
		};
/* End XCBuildConfiguration section */

/* Begin XCConfigurationList section */
		DD8C343F159721C000867246 /* Build configuration list for PBXProject "FlipClock" */ = {
			isa = XCConfigurationList;
			buildConfigurations = (
				DD8C345B159721C000867246 /* Debug */,
				DD8C345C159721C000867246 /* Release */,
			);
			defaultConfigurationIsVisible = 0;
			defaultConfigurationName = Release;
		};
		DD8C345D159721C000867246 /* Build configuration list for PBXNativeTarget "FlipClock" */ = {
			isa = XCConfigurationList;
			buildConfigurations = (
				DD8C345E159721C000867246 /* Debug */,
				DD8C345F159721C000867246 /* Release */,
			);
			defaultConfigurationIsVisible = 0;
			defaultConfigurationName = Release;
		};
/* End XCConfigurationList section */
	};
	rootObject = DD8C343C159721C000867246 /* Project object */;
}
